
Microsoft Visual Studio Solution File, Format Version 12.00
# 
Project("{2150E333-8FDC-42A3-9474-1A3956D46DE8}") = "src", "src", "{525C3D8B-01BF-4FE6-A94D-8D91DDA1F4B6}"
EndProject
Project("{FAE04EC0-301F-11D3-BF4B-00C04F79EFBC}") = "GameHeuristic.Core", "src\GameHeuristic.Core\GameHeuristic.Core.csproj", "{6759FCD7-45FD-48EB-AED5-75C39369F0ED}"
EndProject
Project("{FAE04EC0-301F-11D3-BF4B-00C04F79EFBC}") = "GameHeuristic.UI", "src\GameHeuristic.UI\GameHeuristic.UI.csproj", "{A4620380-9D4F-4C7A-846B-0AEB8FF6862A}"
EndProject
Project("{FAE04EC0-301F-11D3-BF4B-00C04F79EFBC}") = "GameHeuristic.Tournament", "src\GameHeuristic.Tournament\GameHeuristic.Tournament.csproj", "{86111D3E-D3FA-42EF-AB48-356D904D1D0A}"
EndProject
Global
	GlobalSection(SolutionConfigurationPlatforms) = preSolution
		Debug|Any CPU = Debug|Any CPU
		Release|Any CPU = Release|Any CPU
	EndGlobalSection
	GlobalSection(ProjectConfigurationPlatforms) = postSolution
		{6759FCD7-45FD-48EB-AED5-75C39369F0ED}.Debug|Any CPU.ActiveCfg = Debug|Any CPU
		{6759FCD7-45FD-48EB-AED5-75C39369F0ED}.Debug|Any CPU.Build.0 = Debug|Any CPU
		{6759FCD7-45FD-48EB-AED5-75C39369F0ED}.Release|Any CPU.ActiveCfg = Release|Any CPU
		{6759FCD7-45FD-48EB-AED5-75C39369F0ED}.Release|Any CPU.Build.0 = Release|Any CPU
		{A4620380-9D4F-4C7A-846B-0AEB8FF6862A}.Debug|Any CPU.ActiveCfg = Debug|Any CPU
		{A4620380-9D4F-4C7A-846B-0AEB8FF6862A}.Debug|Any CPU.Build.0 = Debug|Any CPU
		{A4620380-9D4F-4C7A-846B-0AEB8FF6862A}.Release|Any CPU.ActiveCfg = Release|Any CPU
		{A4620380-9D4F-4C7A-846B-0AEB8FF6862A}.Release|Any CPU.Build.0 = Release|Any CPU
		{86111D3E-D3FA-42EF-AB48-356D904D1D0A}.Debug|Any CPU.ActiveCfg = Debug|Any CPU
		{86111D3E-D3FA-42EF-AB48-356D904D1D0A}.Debug|Any CPU.Build.0 = Debug|Any CPU
		{86111D3E-D3FA-42EF-AB48-356D904D1D0A}.Release|Any CPU.ActiveCfg = Release|Any CPU
		{86111D3E-D3FA-42EF-AB48-356D904D1D0A}.Release|Any CPU.Build.0 = Release|Any CPU
	EndGlobalSection
	GlobalSection(NestedProjects) = preSolution
		{6759FCD7-45FD-48EB-AED5-75C39369F0ED} = {525C3D8B-01BF-4FE6-A94D-8D91DDA1F4B6}
		{A4620380-9D4F-4C7A-846B-0AEB8FF6862A} = {525C3D8B-01BF-4FE6-A94D-8D91DDA1F4B6}
		{86111D3E-D3FA-42EF-AB48-356D904D1D0A} = {525C3D8B-01BF-4FE6-A94D-8D91DDA1F4B6}
	EndGlobalSection
EndGlobal
